{
  "lockfile_version": "1",
  "packages": {
    "fzf@0.65.1": {
      "last_modified": "2025-08-08T08:05:48Z",
      "resolved": "github:NixOS/nixpkgs/a3f3e3f2c983e957af6b07a1db98bafd1f87b7a1#fzf",
      "source": "devbox-search",
      "version": "0.65.1",
      "systems": {
        "aarch64-darwin": {
          "outputs": [
            {
              "name": "out",
              "path": "/nix/store/1g47v585sy9mbp83bpr15xm00jk6zfqd-fzf-0.65.1",
              "default": true
            },
            {
              "name": "man",
              "path": "/nix/store/bi6hvv72zh2zqgagirqvpjddpyfb8jkq-fzf-0.65.1-man",
              "default": true
            }
          ],
          "store_path": "/nix/store/1g47v585sy9mbp83bpr15xm00jk6zfqd-fzf-0.65.1"
        },
        "aarch64-linux": {
          "outputs": [
            {
              "name": "out",
              "path": "/nix/store/cxw0r42cdwggxgnsxzh5v7h5szb4zn52-fzf-0.65.1",
              "default": true
            },
            {
              "name": "man",
              "path": "/nix/store/rw1fi4rdjpxcv1x1ln5q5iqdgp3bi0k3-fzf-0.65.1-man",
              "default": true
            }
          ],
          "store_path": "/nix/store/cxw0r42cdwggxgnsxzh5v7h5szb4zn52-fzf-0.65.1"
        },
        "x86_64-darwin": {
          "outputs": [
            {
              "name": "out",
              "path": "/nix/store/dnjnbx0yci902phzbdcjc5d6328xswy6-fzf-0.65.1",
              "default": true
            },
            {
              "name": "man",
              "path": "/nix/store/1f9mh3lghzdj06wf5g4cdypyva712idf-fzf-0.65.1-man",
              "default": true
            }
          ],
          "store_path": "/nix/store/dnjnbx0yci902phzbdcjc5d6328xswy6-fzf-0.65.1"
        },
        "x86_64-linux": {
          "outputs": [
            {
              "name": "out",
              "path": "/nix/store/6a4wknif1z62kdn3cbkak78kyf462cxj-fzf-0.65.1",
              "default": true
            },
            {
              "name": "man",
              "path": "/nix/store/2jb1xjfcilpzcgd692qb84gn87cvvhl7-fzf-0.65.1-man",
              "default": true
            }
          ],
          "store_path": "/nix/store/6a4wknif1z62kdn3cbkak78kyf462cxj-fzf-0.65.1"
        }
      }
    },
    "gh@2.76.2": {
      "last_modified": "2025-08-01T06:30:45Z",
      "resolved": "github:NixOS/nixpkgs/a7822a17050fedda63794775b9090880c8214290#gh",
      "source": "devbox-search",
      "version": "2.76.2",
      "systems": {
        "aarch64-darwin": {
          "outputs": [
            {
              "name": "out",
              "path": "/nix/store/03sfs0afrm8j3gwrdnj324zw7yg959bd-gh-2.76.2",
              "default": true
            }
          ],
          "store_path": "/nix/store/03sfs0afrm8j3gwrdnj324zw7yg959bd-gh-2.76.2"
        },
        "aarch64-linux": {
          "outputs": [
            {
              "name": "out",
              "path": "/nix/store/pc1gkqbg0di68fpxqg5dxz0dvdvldf1a-gh-2.76.2",
              "default": true
            }
          ],
          "store_path": "/nix/store/pc1gkqbg0di68fpxqg5dxz0dvdvldf1a-gh-2.76.2"
        },
        "x86_64-darwin": {
          "outputs": [
            {
              "name": "out",
              "path": "/nix/store/6sxip9nc0v8hsdyzjdhmj1qsxr3m4p6i-gh-2.76.2",
              "default": true
            }
          ],
          "store_path": "/nix/store/6sxip9nc0v8hsdyzjdhmj1qsxr3m4p6i-gh-2.76.2"
        },
        "x86_64-linux": {
          "outputs": [
            {
              "name": "out",
              "path": "/nix/store/72ihgykz0r9a5s3iqzrcm9x2rnp3sjap-gh-2.76.2",
              "default": true
            }
          ],
          "store_path": "/nix/store/72ihgykz0r9a5s3iqzrcm9x2rnp3sjap-gh-2.76.2"
        }
      }
    },
    "github:NixOS/nixpkgs/nixpkgs-unstable": {
      "last_modified": "2025-08-31T10:29:22Z",
      "resolved": "github:NixOS/nixpkgs/37ff64b7108517f8b6ba5705ee5085eac636a249?lastModified=1756636162&narHash=sha256-mBecwgUTWRgClJYqcF%2By4O1bY8PQHqeDpB%2BzsAn%2B%2FzA%3D"
    },
    "httpie@3.2.4": {
      "last_modified": "2025-07-28T17:09:23Z",
      "resolved": "github:NixOS/nixpkgs/648f70160c03151bc2121d179291337ad6bc564b#httpie",
      "source": "devbox-search",
      "version": "3.2.4",
      "systems": {
        "aarch64-darwin": {
          "outputs": [
            {
              "name": "out",
              "path": "/nix/store/xr231p4q6sib62ya06dmal5mqkx3mw71-python3.13-httpie-3.2.4",
              "default": true
            },
            {
              "name": "dist",
              "path": "/nix/store/35fl1gb4kb5952vnz61rg73dkq380442-python3.13-httpie-3.2.4-dist"
            }
          ],
          "store_path": "/nix/store/xr231p4q6sib62ya06dmal5mqkx3mw71-python3.13-httpie-3.2.4"
        },
        "aarch64-linux": {
          "outputs": [
            {
              "name": "out",
              "path": "/nix/store/cgw4gimr0im69ffsdyqryssq5zr86npa-python3.13-httpie-3.2.4",
              "default": true
            },
            {
              "name": "dist",
              "path": "/nix/store/f49v94sdzwwm6ibhggkrpxvi3yg0ari9-python3.13-httpie-3.2.4-dist"
            }
          ],
          "store_path": "/nix/store/cgw4gimr0im69ffsdyqryssq5zr86npa-python3.13-httpie-3.2.4"
        },
        "x86_64-darwin": {
          "outputs": [
            {
              "name": "out",
              "path": "/nix/store/ymzvbkq13cf45sdzfsvdnx1rm0d9d8hx-python3.13-httpie-3.2.4",
              "default": true
            },
            {
              "name": "dist",
              "path": "/nix/store/lgi3zh376dbr2iawhhd8hw958cdsmpbw-python3.13-httpie-3.2.4-dist"
            }
          ],
          "store_path": "/nix/store/ymzvbkq13cf45sdzfsvdnx1rm0d9d8hx-python3.13-httpie-3.2.4"
        },
        "x86_64-linux": {
          "outputs": [
            {
              "name": "out",
              "path": "/nix/store/5cc08zz45zfrl0ka58abjcp8hwhib7zp-python3.13-httpie-3.2.4",
              "default": true
            },
            {
              "name": "dist",
              "path": "/nix/store/0rz883gyx30ggxkh51dsqw0px0dxmj30-python3.13-httpie-3.2.4-dist"
            }
          ],
          "store_path": "/nix/store/5cc08zz45zfrl0ka58abjcp8hwhib7zp-python3.13-httpie-3.2.4"
        }
      }
    },
    "joshuto@0.9.9": {
      "last_modified": "2025-07-28T17:09:23Z",
      "resolved": "github:NixOS/nixpkgs/648f70160c03151bc2121d179291337ad6bc564b#joshuto",
      "source": "devbox-search",
      "version": "0.9.9",
      "systems": {
        "aarch64-darwin": {
          "outputs": [
            {
              "name": "out",
              "path": "/nix/store/l602fmy6zrhwcxj1ac514qlbxwrff52f-joshuto-0.9.9",
              "default": true
            }
          ],
          "store_path": "/nix/store/l602fmy6zrhwcxj1ac514qlbxwrff52f-joshuto-0.9.9"
        },
        "aarch64-linux": {
          "outputs": [
            {
              "name": "out",
              "path": "/nix/store/80xy854753mipf48p05mg6ndjs3ryl6v-joshuto-0.9.9",
              "default": true
            }
          ],
          "store_path": "/nix/store/80xy854753mipf48p05mg6ndjs3ryl6v-joshuto-0.9.9"
        },
        "x86_64-darwin": {
          "outputs": [
            {
              "name": "out",
              "path": "/nix/store/2kyj7cnvbdj8jccs6jzqq6kikm4rjqvn-joshuto-0.9.9",
              "default": true
            }
          ],
          "store_path": "/nix/store/2kyj7cnvbdj8jccs6jzqq6kikm4rjqvn-joshuto-0.9.9"
        },
        "x86_64-linux": {
          "outputs": [
            {
              "name": "out",
              "path": "/nix/store/xwcw3zkgv1l8xi61jbdpbdnaig11hx7a-joshuto-0.9.9",
              "default": true
            }
          ],
          "store_path": "/nix/store/xwcw3zkgv1l8xi61jbdpbdnaig11hx7a-joshuto-0.9.9"
        }
      }
    },
    "lazydocker@0.24.1": {
      "last_modified": "2025-07-28T17:09:23Z",
      "resolved": "github:NixOS/nixpkgs/648f70160c03151bc2121d179291337ad6bc564b#lazydocker",
      "source": "devbox-search",
      "version": "0.24.1",
      "systems": {
        "aarch64-darwin": {
          "outputs": [
            {
              "name": "out",
              "path": "/nix/store/1935d20f991yx65aldbzkv6h8a19h4wh-lazydocker-0.24.1",
              "default": true
            }
          ],
          "store_path": "/nix/store/1935d20f991yx65aldbzkv6h8a19h4wh-lazydocker-0.24.1"
        },
        "aarch64-linux": {
          "outputs": [
            {
              "name": "out",
              "path": "/nix/store/clp4jpwxfc1kaxzp2h9yq299jdfpj558-lazydocker-0.24.1",
              "default": true
            }
          ],
          "store_path": "/nix/store/clp4jpwxfc1kaxzp2h9yq299jdfpj558-lazydocker-0.24.1"
        },
        "x86_64-darwin": {
          "outputs": [
            {
              "name": "out",
              "path": "/nix/store/59a19yd1a0al77gvkkiymcqwi8384ahi-lazydocker-0.24.1",
              "default": true
            }
          ],
          "store_path": "/nix/store/59a19yd1a0al77gvkkiymcqwi8384ahi-lazydocker-0.24.1"
        },
        "x86_64-linux": {
          "outputs": [
            {
              "name": "out",
              "path": "/nix/store/wk89ki4wcyvlmjn35w7l4fmpvk0yqv85-lazydocker-0.24.1",
              "default": true
            }
          ],
          "store_path": "/nix/store/wk89ki4wcyvlmjn35w7l4fmpvk0yqv85-lazydocker-0.24.1"
        }
      }
    },
    "oh-my-posh@26.8.0": {
      "last_modified": "2025-07-28T17:09:23Z",
      "resolved": "github:NixOS/nixpkgs/648f70160c03151bc2121d179291337ad6bc564b#oh-my-posh",
      "source": "devbox-search",
      "version": "26.8.0",
      "systems": {
        "aarch64-darwin": {
          "outputs": [
            {
              "name": "out",
              "path": "/nix/store/wrj08p0kzxrnin0a4ysvwy25q9cgzpc5-oh-my-posh-26.8.0",
              "default": true
            }
          ],
          "store_path": "/nix/store/wrj08p0kzxrnin0a4ysvwy25q9cgzpc5-oh-my-posh-26.8.0"
        },
        "aarch64-linux": {
          "outputs": [
            {
              "name": "out",
              "path": "/nix/store/76swmalpvfvhc2vq3jhxfvhk11ysx2k7-oh-my-posh-26.8.0",
              "default": true
            }
          ],
          "store_path": "/nix/store/76swmalpvfvhc2vq3jhxfvhk11ysx2k7-oh-my-posh-26.8.0"
        },
        "x86_64-darwin": {
          "outputs": [
            {
              "name": "out",
              "path": "/nix/store/bff9m7rj7xmrkm92jwlazf9s6r81rikp-oh-my-posh-26.8.0",
              "default": true
            }
          ],
          "store_path": "/nix/store/bff9m7rj7xmrkm92jwlazf9s6r81rikp-oh-my-posh-26.8.0"
        },
        "x86_64-linux": {
          "outputs": [
            {
              "name": "out",
              "path": "/nix/store/5ddhz8nsahf1d03smzx2xpmynjspjfh8-oh-my-posh-26.8.0",
              "default": true
            }
          ],
          "store_path": "/nix/store/5ddhz8nsahf1d03smzx2xpmynjspjfh8-oh-my-posh-26.8.0"
        }
      }
    },
    "tmux@3.5a": {
      "last_modified": "2025-07-28T17:09:23Z",
      "resolved": "github:NixOS/nixpkgs/648f70160c03151bc2121d179291337ad6bc564b#tmux",
      "source": "devbox-search",
      "version": "3.5a",
      "systems": {
        "aarch64-darwin": {
          "outputs": [
            {
              "name": "out",
              "path": "/nix/store/nns9f4cgm1ciaiyxpm0n60ihbnbz1h69-tmux-3.5a",
              "default": true
            },
            {
              "name": "man",
              "path": "/nix/store/wp5hvb9dr0jb19jwkg7iydxigxpjz2dy-tmux-3.5a-man",
              "default": true
            }
          ],
          "store_path": "/nix/store/nns9f4cgm1ciaiyxpm0n60ihbnbz1h69-tmux-3.5a"
        },
        "aarch64-linux": {
          "outputs": [
            {
              "name": "out",
              "path": "/nix/store/ywcdgf3a2c87am9zw7spnsfrjjc72p08-tmux-3.5a",
              "default": true
            },
            {
              "name": "man",
              "path": "/nix/store/c96zw4v915hvp9yjcd6hqgyfm603asqg-tmux-3.5a-man",
              "default": true
            }
          ],
          "store_path": "/nix/store/ywcdgf3a2c87am9zw7spnsfrjjc72p08-tmux-3.5a"
        },
        "x86_64-darwin": {
          "outputs": [
            {
              "name": "out",
              "path": "/nix/store/3bhnq6lp97fxgqlk8hcc3d8yhsfj977v-tmux-3.5a",
              "default": true
            },
            {
              "name": "man",
              "path": "/nix/store/95pbqrsahbaz8iniycx7md9lv0naclma-tmux-3.5a-man",
              "default": true
            }
          ],
          "store_path": "/nix/store/3bhnq6lp97fxgqlk8hcc3d8yhsfj977v-tmux-3.5a"
        },
        "x86_64-linux": {
          "outputs": [
            {
              "name": "out",
              "path": "/nix/store/slvqyfx2s0a9ppnhlfpb6gn9nvvwg9v5-tmux-3.5a",
              "default": true
            },
            {
              "name": "man",
              "path": "/nix/store/w4vyb7drsc2li1is2mn2jyn33hk3jca1-tmux-3.5a-man",
              "default": true
            }
          ],
          "store_path": "/nix/store/slvqyfx2s0a9ppnhlfpb6gn9nvvwg9v5-tmux-3.5a"
        }
      }
    },
    "youtube-dl@2021.12.17": {
      "last_modified": "2024-05-22T06:18:38Z",
      "resolved": "github:NixOS/nixpkgs/3f316d2a50699a78afe5e77ca486ad553169061e#youtube-dl",
      "source": "devbox-search",
      "version": "2021.12.17",
      "systems": {
        "aarch64-darwin": {
          "outputs": [
            {
              "name": "out",
              "path": "/nix/store/4ga770ifknwc7fdw9wzycs5y6pqgfh5h-python3.11-youtube-dl-2021.12.17",
              "default": true
            },
            {
              "name": "dist",
              "path": "/nix/store/8i9wi1fz63074vbjrh0ywb7yrvyi6rdr-python3.11-youtube-dl-2021.12.17-dist"
            }
          ],
          "store_path": "/nix/store/4ga770ifknwc7fdw9wzycs5y6pqgfh5h-python3.11-youtube-dl-2021.12.17"
        },
        "aarch64-linux": {
          "outputs": [
            {
              "name": "out",
              "path": "/nix/store/kv6kk3xnfnimq3kj58wbmla4sz2z561s-python3.11-youtube-dl-2021.12.17",
              "default": true
            },
            {
              "name": "dist",
              "path": "/nix/store/cm56ss6k4f6xhmpkilsxwd87hk34266k-python3.11-youtube-dl-2021.12.17-dist"
            }
          ],
          "store_path": "/nix/store/kv6kk3xnfnimq3kj58wbmla4sz2z561s-python3.11-youtube-dl-2021.12.17"
        },
        "x86_64-darwin": {
          "outputs": [
            {
              "name": "out",
              "path": "/nix/store/d400ndnxzvh496mwirvlg4ihz94gg09s-python3.11-youtube-dl-2021.12.17",
              "default": true
            },
            {
              "name": "dist",
              "path": "/nix/store/gz843l4xxhqx0jrb7dzg58d9p6mkji4g-python3.11-youtube-dl-2021.12.17-dist"
            }
          ],
          "store_path": "/nix/store/d400ndnxzvh496mwirvlg4ihz94gg09s-python3.11-youtube-dl-2021.12.17"
        },
        "x86_64-linux": {
          "outputs": [
            {
              "name": "out",
              "path": "/nix/store/xm1a8c18k9np9fh4jv5zhznwa1gbibdx-python3.11-youtube-dl-2021.12.17",
              "default": true
            },
            {
              "name": "dist",
              "path": "/nix/store/r121nsncypriswxi914lkkbyf1vw1cwk-python3.11-youtube-dl-2021.12.17-dist"
            }
          ],
          "store_path": "/nix/store/xm1a8c18k9np9fh4jv5zhznwa1gbibdx-python3.11-youtube-dl-2021.12.17"
        }
      }
    }
  }
}
